
Microsoft Visual Studio Solution File, Format Version 12.00
# Visual Studio Version 17
VisualStudioVersion = 17.9.34728.123
MinimumVisualStudioVersion = 10.0.40219.1
Project("{FAE04EC0-301F-11D3-BF4B-00C04F79EFBC}") = "HomeWork2", "HomeWork2\HomeWork2.csproj", "{EFDBE90D-2D5B-4CB5-A258-4B1DB9C39346}"
EndProject
Global
	GlobalSection(SolutionConfigurationPlatforms) = preSolution
		Debug|Any CPU = Debug|Any CPU
		Release|Any CPU = Release|Any CPU
	EndGlobalSection
	GlobalSection(ProjectConfigurationPlatforms) = postSolution
		{EFDBE90D-2D5B-4CB5-A258-4B1DB9C39346}.Debug|Any CPU.ActiveCfg = Debug|Any CPU
		{EFDBE90D-2D5B-4CB5-A258-4B1DB9C39346}.Debug|Any CPU.Build.0 = Debug|Any CPU
		{EFDBE90D-2D5B-4CB5-A258-4B1DB9C39346}.Release|Any CPU.ActiveCfg = Release|Any CPU
		{EFDBE90D-2D5B-4CB5-A258-4B1DB9C39346}.Release|Any CPU.Build.0 = Release|Any CPU
	EndGlobalSection
	GlobalSection(SolutionProperties) = preSolution
		HideSolutionNode = FALSE
	EndGlobalSection
	GlobalSection(ExtensibilityGlobals) = postSolution
		SolutionGuid = {A054B5F5-E833-41E3-B78E-2F3FDE1D5D5D}
	EndGlobalSection
EndGlobal
