
Microsoft Visual Studio Solution File, Format Version 12.00
# Visual Studio Version 17
VisualStudioVersion = 17.10.35013.160
MinimumVisualStudioVersion = 10.0.40219.1
Project("{FAE04EC0-301F-11D3-BF4B-00C04F79EFBC}") = "HomeWork3", "HomeWork3\HomeWork3.csproj", "{EC7625AC-19C2-4BC5-812F-B07B5B229E1E}"
EndProject
Global
	GlobalSection(SolutionConfigurationPlatforms) = preSolution
		Debug|Any CPU = Debug|Any CPU
		Release|Any CPU = Release|Any CPU
	EndGlobalSection
	GlobalSection(ProjectConfigurationPlatforms) = postSolution
		{EC7625AC-19C2-4BC5-812F-B07B5B229E1E}.Debug|Any CPU.ActiveCfg = Debug|Any CPU
		{EC7625AC-19C2-4BC5-812F-B07B5B229E1E}.Debug|Any CPU.Build.0 = Debug|Any CPU
		{EC7625AC-19C2-4BC5-812F-B07B5B229E1E}.Release|Any CPU.ActiveCfg = Release|Any CPU
		{EC7625AC-19C2-4BC5-812F-B07B5B229E1E}.Release|Any CPU.Build.0 = Release|Any CPU
	EndGlobalSection
	GlobalSection(SolutionProperties) = preSolution
		HideSolutionNode = FALSE
	EndGlobalSection
	GlobalSection(ExtensibilityGlobals) = postSolution
		SolutionGuid = {8857476E-A5E6-471E-8EBE-59652DCCB258}
	EndGlobalSection
EndGlobal
